
Microsoft Visual Studio Solution File, Format Version 12.00
# Visual Studio Version 16
VisualStudioVersion = 16.0.31613.86
MinimumVisualStudioVersion = 10.0.40219.1
Project("{FAE04EC0-301F-11D3-BF4B-00C04F79EFBC}") = "wpf_mvvm_lesson", "wpf_mvvm_lesson\wpf_mvvm_lesson.csproj", "{52463C2B-FF37-48FB-870B-B32AA753789C}"
EndProject
Project("{FAE04EC0-301F-11D3-BF4B-00C04F79EFBC}") = "AppConsoleTest", "AppConsoleTest\AppConsoleTest.csproj", "{DAF7ADA8-0056-4E8C-8025-6D162D01FBBE}"
EndProject
Project("{FAE04EC0-301F-11D3-BF4B-00C04F79EFBC}") = "WpfApp_test", "WpfApp_test\WpfApp_test.csproj", "{61524EF9-BE63-4B53-A67C-80E5216C059C}"
EndProject
Global
	GlobalSection(SolutionConfigurationPlatforms) = preSolution
		Debug|Any CPU = Debug|Any CPU
		Release|Any CPU = Release|Any CPU
	EndGlobalSection
	GlobalSection(ProjectConfigurationPlatforms) = postSolution
		{52463C2B-FF37-48FB-870B-B32AA753789C}.Debug|Any CPU.ActiveCfg = Debug|Any CPU
		{52463C2B-FF37-48FB-870B-B32AA753789C}.Debug|Any CPU.Build.0 = Debug|Any CPU
		{52463C2B-FF37-48FB-870B-B32AA753789C}.Release|Any CPU.ActiveCfg = Release|Any CPU
		{52463C2B-FF37-48FB-870B-B32AA753789C}.Release|Any CPU.Build.0 = Release|Any CPU
		{DAF7ADA8-0056-4E8C-8025-6D162D01FBBE}.Debug|Any CPU.ActiveCfg = Debug|Any CPU
		{DAF7ADA8-0056-4E8C-8025-6D162D01FBBE}.Debug|Any CPU.Build.0 = Debug|Any CPU
		{DAF7ADA8-0056-4E8C-8025-6D162D01FBBE}.Release|Any CPU.ActiveCfg = Release|Any CPU
		{DAF7ADA8-0056-4E8C-8025-6D162D01FBBE}.Release|Any CPU.Build.0 = Release|Any CPU
		{61524EF9-BE63-4B53-A67C-80E5216C059C}.Debug|Any CPU.ActiveCfg = Debug|Any CPU
		{61524EF9-BE63-4B53-A67C-80E5216C059C}.Debug|Any CPU.Build.0 = Debug|Any CPU
		{61524EF9-BE63-4B53-A67C-80E5216C059C}.Release|Any CPU.ActiveCfg = Release|Any CPU
		{61524EF9-BE63-4B53-A67C-80E5216C059C}.Release|Any CPU.Build.0 = Release|Any CPU
	EndGlobalSection
	GlobalSection(SolutionProperties) = preSolution
		HideSolutionNode = FALSE
	EndGlobalSection
	GlobalSection(ExtensibilityGlobals) = postSolution
		SolutionGuid = {4B123005-FF66-4792-92A2-38D1C5283A2A}
	EndGlobalSection
EndGlobal
